schema: '2.0'
stages:
  preprocess:
    cmd: python3 pipeline/preprocess.py
    deps:
    - path: data/raw/car_data.csv
      hash: md5
      md5: 6694e5734047d9e14640303aa07ee1bf
      size: 662723
    params:
      params.yaml:
        data.path: data/raw/car_data.csv
        split.random_state: 42
        split.test_size: 0.2
    outs:
    - path: data/processed/processed_data.csv
      hash: md5
      md5: e33a283f06ea800d2ee45e08d91c8ded
      size: 5557470
  train:
    cmd: python3 pipeline/train.py
    deps:
    - path: data/processed/processed_data.csv
      hash: md5
      md5: e33a283f06ea800d2ee45e08d91c8ded
      size: 5557470
    params:
      params.yaml:
        model.save_path: models/model.pkl
    outs:
    - path: models/model.pkl
      hash: md5
      md5: 65698cb0f392f3ea6d797de1056a28a8
      size: 40937572
